// !$*UTF8*$!
{
	archiveVersion = 1;
	classes = {
	};
	objectVersion = 56;
	objects = {

/* Begin PBXBuildFile section */
		751558242AD03B2A00C30613 /* TennisAnalysisApp.swift in Sources */ = {isa = PBXBuildFile; fileRef = 751558232AD03B2A00C30613 /* TennisAnalysisApp.swift */; };
		751558282AD03B2B00C30613 /* Assets.xcassets in Resources */ = {isa = PBXBuildFile; fileRef = 751558272AD03B2B00C30613 /* Assets.xcassets */; };
		7515582B2AD03B2B00C30613 /* Preview Assets.xcassets in Resources */ = {isa = PBXBuildFile; fileRef = 7515582A2AD03B2B00C30613 /* Preview Assets.xcassets */; };
		751558352AD03B2B00C30613 /* TennisAnalysisTests.swift in Sources */ = {isa = PBXBuildFile; fileRef = 751558342AD03B2B00C30613 /* TennisAnalysisTests.swift */; };
		7515583F2AD03B2B00C30613 /* TennisAnalysisUITests.swift in Sources */ = {isa = PBXBuildFile; fileRef = 7515583E2AD03B2B00C30613 /* TennisAnalysisUITests.swift */; };
		751558412AD03B2B00C30613 /* TennisAnalysisUITestsLaunchTests.swift in Sources */ = {isa = PBXBuildFile; fileRef = 751558402AD03B2B00C30613 /* TennisAnalysisUITestsLaunchTests.swift */; };
		7566FC312ADC1A4200A87541 /* LoginView.swift in Sources */ = {isa = PBXBuildFile; fileRef = 7566FC302ADC1A4200A87541 /* LoginView.swift */; };
		75CE498A2AD989960099D662 /* MatchStatisticButtonView.swift in Sources */ = {isa = PBXBuildFile; fileRef = 75CE49892AD989960099D662 /* MatchStatisticButtonView.swift */; };
		75CE498C2AD98D460099D662 /* MatchSummaryHeaderView.swift in Sources */ = {isa = PBXBuildFile; fileRef = 75CE498B2AD98D460099D662 /* MatchSummaryHeaderView.swift */; };
		75CE498E2AD992600099D662 /* ServesView.swift in Sources */ = {isa = PBXBuildFile; fileRef = 75CE498D2AD992600099D662 /* ServesView.swift */; };
		75CE49902AD9958F0099D662 /* PointsView.swift in Sources */ = {isa = PBXBuildFile; fileRef = 75CE498F2AD9958F0099D662 /* PointsView.swift */; };
		75CE49922AD9966D0099D662 /* StatisticsView.swift in Sources */ = {isa = PBXBuildFile; fileRef = 75CE49912AD9966D0099D662 /* StatisticsView.swift */; };
		75CE49972AD9BD970099D662 /* MainScreenView.swift in Sources */ = {isa = PBXBuildFile; fileRef = 75CE49962AD9BD970099D662 /* MainScreenView.swift */; };
		75CE49992AD9BFC50099D662 /* MatchButtonsCreationView.swift in Sources */ = {isa = PBXBuildFile; fileRef = 75CE49982AD9BFC50099D662 /* MatchButtonsCreationView.swift */; };
		75CE499B2AD9C3080099D662 /* PlayerSetsView.swift in Sources */ = {isa = PBXBuildFile; fileRef = 75CE499A2AD9C3080099D662 /* PlayerSetsView.swift */; };
		75CE499D2AD9CE1C0099D662 /* PointsGamePointsView.swift in Sources */ = {isa = PBXBuildFile; fileRef = 75CE499C2AD9CE1C0099D662 /* PointsGamePointsView.swift */; };
		75CE499F2AD9D4A20099D662 /* PointsGame0P1View.swift in Sources */ = {isa = PBXBuildFile; fileRef = 75CE499E2AD9D4A20099D662 /* PointsGame0P1View.swift */; };
		75CE49A22AD9D4E20099D662 /* PointsGame15P1View.swift in Sources */ = {isa = PBXBuildFile; fileRef = 75CE49A12AD9D4E20099D662 /* PointsGame15P1View.swift */; };
		75CE49A42AD9D5A20099D662 /* PointsGame30P1View.swift in Sources */ = {isa = PBXBuildFile; fileRef = 75CE49A32AD9D5A20099D662 /* PointsGame30P1View.swift */; };
		75CE49A62AD9D5CF0099D662 /* PointsGame40P1View.swift in Sources */ = {isa = PBXBuildFile; fileRef = 75CE49A52AD9D5CF0099D662 /* PointsGame40P1View.swift */; };
		75CE49A92AD9D6910099D662 /* PointsGameADP1View.swift in Sources */ = {isa = PBXBuildFile; fileRef = 75CE49A82AD9D6910099D662 /* PointsGameADP1View.swift */; };
		75CE49AD2AD9D8420099D662 /* PointsGame0P1WinView.swift in Sources */ = {isa = PBXBuildFile; fileRef = 75CE49AC2AD9D8420099D662 /* PointsGame0P1WinView.swift */; };
		75CE49AF2AD9D8960099D662 /* PointsGame15P1WinView.swift in Sources */ = {isa = PBXBuildFile; fileRef = 75CE49AE2AD9D8960099D662 /* PointsGame15P1WinView.swift */; };
		75CE49B12AD9D8D40099D662 /* PointsGame30P1WinView.swift in Sources */ = {isa = PBXBuildFile; fileRef = 75CE49B02AD9D8D40099D662 /* PointsGame30P1WinView.swift */; };
		75CE49B32AD9D8E10099D662 /* PointsGame40P1WinView.swift in Sources */ = {isa = PBXBuildFile; fileRef = 75CE49B22AD9D8E10099D662 /* PointsGame40P1WinView.swift */; };
		75CE49B52AD9D8E90099D662 /* PointsGameADP1WinView.swift in Sources */ = {isa = PBXBuildFile; fileRef = 75CE49B42AD9D8E90099D662 /* PointsGameADP1WinView.swift */; };
		75CE49B92AD9D97C0099D662 /* PointsGame0P2View.swift in Sources */ = {isa = PBXBuildFile; fileRef = 75CE49B82AD9D97C0099D662 /* PointsGame0P2View.swift */; };
		75CE49BB2AD9D9890099D662 /* PointsGame15P2View.swift in Sources */ = {isa = PBXBuildFile; fileRef = 75CE49BA2AD9D9890099D662 /* PointsGame15P2View.swift */; };
		75CE49BD2AD9D9900099D662 /* PointsGame30P2View.swift in Sources */ = {isa = PBXBuildFile; fileRef = 75CE49BC2AD9D9900099D662 /* PointsGame30P2View.swift */; };
		75CE49BF2AD9D9980099D662 /* PointsGame40P2View.swift in Sources */ = {isa = PBXBuildFile; fileRef = 75CE49BE2AD9D9980099D662 /* PointsGame40P2View.swift */; };
		75CE49C12AD9D9A80099D662 /* PointsGameADP2View.swift in Sources */ = {isa = PBXBuildFile; fileRef = 75CE49C02AD9D9A70099D662 /* PointsGameADP2View.swift */; };
		75CE49C32AD9D9BA0099D662 /* PointsGame0P2WinView.swift in Sources */ = {isa = PBXBuildFile; fileRef = 75CE49C22AD9D9BA0099D662 /* PointsGame0P2WinView.swift */; };
		75CE49C52AD9D9C10099D662 /* PointsGame15P2WinView.swift in Sources */ = {isa = PBXBuildFile; fileRef = 75CE49C42AD9D9C10099D662 /* PointsGame15P2WinView.swift */; };
		75CE49C72AD9D9C80099D662 /* PointsGame30P2WinView.swift in Sources */ = {isa = PBXBuildFile; fileRef = 75CE49C62AD9D9C80099D662 /* PointsGame30P2WinView.swift */; };
		75CE49C92AD9D9CE0099D662 /* PointsGame40P2WinView.swift in Sources */ = {isa = PBXBuildFile; fileRef = 75CE49C82AD9D9CE0099D662 /* PointsGame40P2WinView.swift */; };
		75CE49CB2AD9D9D40099D662 /* PointsGameADP2WinView.swift in Sources */ = {isa = PBXBuildFile; fileRef = 75CE49CA2AD9D9D40099D662 /* PointsGameADP2WinView.swift */; };
		75CE49CF2ADAD3DC0099D662 /* PointsGameWinP1WinView.swift in Sources */ = {isa = PBXBuildFile; fileRef = 75CE49CE2ADAD3DC0099D662 /* PointsGameWinP1WinView.swift */; };
		75CE49D32ADAD4540099D662 /* PointsGameWin2WinView.swift in Sources */ = {isa = PBXBuildFile; fileRef = 75CE49D22ADAD4540099D662 /* PointsGameWin2WinView.swift */; };
		75CE49D52ADAE2DB0099D662 /* Player1FrameView.swift in Sources */ = {isa = PBXBuildFile; fileRef = 75CE49D42ADAE2DB0099D662 /* Player1FrameView.swift */; };
		75CE49DA2ADAEA4F0099D662 /* Player2FrameView.swift in Sources */ = {isa = PBXBuildFile; fileRef = 75CE49D92ADAEA4E0099D662 /* Player2FrameView.swift */; };
		75CE49DC2ADAEACF0099D662 /* Player1WinFrameView.swift in Sources */ = {isa = PBXBuildFile; fileRef = 75CE49DB2ADAEACF0099D662 /* Player1WinFrameView.swift */; };
		75CE49E02ADAEC280099D662 /* Player2WinFrameView.swift in Sources */ = {isa = PBXBuildFile; fileRef = 75CE49DF2ADAEC280099D662 /* Player2WinFrameView.swift */; };
		75CE49E32ADAEF4F0099D662 /* Player1Set1View.swift in Sources */ = {isa = PBXBuildFile; fileRef = 75CE49E22ADAEF4F0099D662 /* Player1Set1View.swift */; };
		75CE49E52ADAF2BA0099D662 /* Player1Set2View.swift in Sources */ = {isa = PBXBuildFile; fileRef = 75CE49E42ADAF2BA0099D662 /* Player1Set2View.swift */; };
		75CE49E72ADAF2E70099D662 /* Player1Set3View.swift in Sources */ = {isa = PBXBuildFile; fileRef = 75CE49E62ADAF2E70099D662 /* Player1Set3View.swift */; };
		75CE49E92ADAF3080099D662 /* Player2Set1View.swift in Sources */ = {isa = PBXBuildFile; fileRef = 75CE49E82ADAF3080099D662 /* Player2Set1View.swift */; };
		75CE49EB2ADAF3260099D662 /* Player2Set2View.swift in Sources */ = {isa = PBXBuildFile; fileRef = 75CE49EA2ADAF3260099D662 /* Player2Set2View.swift */; };
		75CE49ED2ADAF32C0099D662 /* Player2Set3View.swift in Sources */ = {isa = PBXBuildFile; fileRef = 75CE49EC2ADAF32C0099D662 /* Player2Set3View.swift */; };
		75CE49EF2ADAF5430099D662 /* Set1WinP1Leads1_0View.swift in Sources */ = {isa = PBXBuildFile; fileRef = 75CE49EE2ADAF5430099D662 /* Set1WinP1Leads1_0View.swift */; };
		75CE49F12ADAFAA90099D662 /* Set1WinP2Leads1_0View.swift in Sources */ = {isa = PBXBuildFile; fileRef = 75CE49F02ADAFAA90099D662 /* Set1WinP2Leads1_0View.swift */; };
		75CE49F42ADAFB1B0099D662 /* Set2WinP1Wins2_0View.swift in Sources */ = {isa = PBXBuildFile; fileRef = 75CE49F32ADAFB1B0099D662 /* Set2WinP1Wins2_0View.swift */; };
		75CE49F62ADAFB880099D662 /* Set2WinP2Wins2_0View.swift in Sources */ = {isa = PBXBuildFile; fileRef = 75CE49F52ADAFB880099D662 /* Set2WinP2Wins2_0View.swift */; };
		75CE49F82ADAFB9E0099D662 /* Set2WinP1Equalizes1_1View.swift in Sources */ = {isa = PBXBuildFile; fileRef = 75CE49F72ADAFB9E0099D662 /* Set2WinP1Equalizes1_1View.swift */; };
		75CE49FA2ADAFC310099D662 /* Set2WinP2Equalizes1_1View.swift in Sources */ = {isa = PBXBuildFile; fileRef = 75CE49F92ADAFC310099D662 /* Set2WinP2Equalizes1_1View.swift */; };
		75CE49FC2ADAFC440099D662 /* Set3WinP1Wins2_1View.swift in Sources */ = {isa = PBXBuildFile; fileRef = 75CE49FB2ADAFC440099D662 /* Set3WinP1Wins2_1View.swift */; };
		75CE49FE2ADAFC530099D662 /* Set3WinP2Wins2_1View.swift in Sources */ = {isa = PBXBuildFile; fileRef = 75CE49FD2ADAFC530099D662 /* Set3WinP2Wins2_1View.swift */; };
		75CE4A002ADB09420099D662 /* PointsGameBackgroundView.swift in Sources */ = {isa = PBXBuildFile; fileRef = 75CE49FF2ADB09420099D662 /* PointsGameBackgroundView.swift */; };
		75CE4A022ADB0EF90099D662 /* PointsGameView.swift in Sources */ = {isa = PBXBuildFile; fileRef = 75CE4A012ADB0EF90099D662 /* PointsGameView.swift */; };
		75CE4A042ADB10E30099D662 /* MatchButtonView.swift in Sources */ = {isa = PBXBuildFile; fileRef = 75CE4A032ADB10E30099D662 /* MatchButtonView.swift */; };
		75CE4A062ADB12180099D662 /* DashboardView.swift in Sources */ = {isa = PBXBuildFile; fileRef = 75CE4A052ADB12180099D662 /* DashboardView.swift */; };
		75CE4A092ADB16D30099D662 /* FieldView.swift in Sources */ = {isa = PBXBuildFile; fileRef = 75CE4A082ADB16D30099D662 /* FieldView.swift */; };
		75CE4A0B2ADB17C50099D662 /* ContentView.swift in Sources */ = {isa = PBXBuildFile; fileRef = 75CE4A0A2ADB17C50099D662 /* ContentView.swift */; };
		75CE4A0D2ADC12D20099D662 /* MatchButtonServerView.swift in Sources */ = {isa = PBXBuildFile; fileRef = 75CE4A0C2ADC12D20099D662 /* MatchButtonServerView.swift */; };
/* End PBXBuildFile section */

/* Begin PBXContainerItemProxy section */
		751558312AD03B2B00C30613 /* PBXContainerItemProxy */ = {
			isa = PBXContainerItemProxy;
			containerPortal = 751558182AD03B2A00C30613 /* Project object */;
			proxyType = 1;
			remoteGlobalIDString = 7515581F2AD03B2A00C30613;
			remoteInfo = TennisAnalysis;
		};
		7515583B2AD03B2B00C30613 /* PBXContainerItemProxy */ = {
			isa = PBXContainerItemProxy;
			containerPortal = 751558182AD03B2A00C30613 /* Project object */;
			proxyType = 1;
			remoteGlobalIDString = 7515581F2AD03B2A00C30613;
			remoteInfo = TennisAnalysis;
		};
/* End PBXContainerItemProxy section */

/* Begin PBXFileReference section */
		751558202AD03B2A00C30613 /* TennisAnalysis.app */ = {isa = PBXFileReference; explicitFileType = wrapper.application; includeInIndex = 0; path = TennisAnalysis.app; sourceTree = BUILT_PRODUCTS_DIR; };
		751558232AD03B2A00C30613 /* TennisAnalysisApp.swift */ = {isa = PBXFileReference; lastKnownFileType = sourcecode.swift; path = TennisAnalysisApp.swift; sourceTree = "<group>"; };
		751558272AD03B2B00C30613 /* Assets.xcassets */ = {isa = PBXFileReference; lastKnownFileType = folder.assetcatalog; path = Assets.xcassets; sourceTree = "<group>"; };
		7515582A2AD03B2B00C30613 /* Preview Assets.xcassets */ = {isa = PBXFileReference; lastKnownFileType = folder.assetcatalog; path = "Preview Assets.xcassets"; sourceTree = "<group>"; };
		751558302AD03B2B00C30613 /* TennisAnalysisTests.xctest */ = {isa = PBXFileReference; explicitFileType = wrapper.cfbundle; includeInIndex = 0; path = TennisAnalysisTests.xctest; sourceTree = BUILT_PRODUCTS_DIR; };
		751558342AD03B2B00C30613 /* TennisAnalysisTests.swift */ = {isa = PBXFileReference; lastKnownFileType = sourcecode.swift; path = TennisAnalysisTests.swift; sourceTree = "<group>"; };
		7515583A2AD03B2B00C30613 /* TennisAnalysisUITests.xctest */ = {isa = PBXFileReference; explicitFileType = wrapper.cfbundle; includeInIndex = 0; path = TennisAnalysisUITests.xctest; sourceTree = BUILT_PRODUCTS_DIR; };
		7515583E2AD03B2B00C30613 /* TennisAnalysisUITests.swift */ = {isa = PBXFileReference; lastKnownFileType = sourcecode.swift; path = TennisAnalysisUITests.swift; sourceTree = "<group>"; };
		751558402AD03B2B00C30613 /* TennisAnalysisUITestsLaunchTests.swift */ = {isa = PBXFileReference; lastKnownFileType = sourcecode.swift; path = TennisAnalysisUITestsLaunchTests.swift; sourceTree = "<group>"; };
		7566FC302ADC1A4200A87541 /* LoginView.swift */ = {isa = PBXFileReference; lastKnownFileType = sourcecode.swift; path = LoginView.swift; sourceTree = "<group>"; };
		75CE49892AD989960099D662 /* MatchStatisticButtonView.swift */ = {isa = PBXFileReference; lastKnownFileType = sourcecode.swift; path = MatchStatisticButtonView.swift; sourceTree = "<group>"; };
		75CE498B2AD98D460099D662 /* MatchSummaryHeaderView.swift */ = {isa = PBXFileReference; lastKnownFileType = sourcecode.swift; path = MatchSummaryHeaderView.swift; sourceTree = "<group>"; };
		75CE498D2AD992600099D662 /* ServesView.swift */ = {isa = PBXFileReference; lastKnownFileType = sourcecode.swift; path = ServesView.swift; sourceTree = "<group>"; };
		75CE498F2AD9958F0099D662 /* PointsView.swift */ = {isa = PBXFileReference; lastKnownFileType = sourcecode.swift; path = PointsView.swift; sourceTree = "<group>"; };
		75CE49912AD9966D0099D662 /* StatisticsView.swift */ = {isa = PBXFileReference; lastKnownFileType = sourcecode.swift; path = StatisticsView.swift; sourceTree = "<group>"; };
		75CE49962AD9BD970099D662 /* MainScreenView.swift */ = {isa = PBXFileReference; lastKnownFileType = sourcecode.swift; path = MainScreenView.swift; sourceTree = "<group>"; };
		75CE49982AD9BFC50099D662 /* MatchButtonsCreationView.swift */ = {isa = PBXFileReference; lastKnownFileType = sourcecode.swift; path = MatchButtonsCreationView.swift; sourceTree = "<group>"; };
		75CE499A2AD9C3080099D662 /* PlayerSetsView.swift */ = {isa = PBXFileReference; lastKnownFileType = sourcecode.swift; path = PlayerSetsView.swift; sourceTree = "<group>"; };
		75CE499C2AD9CE1C0099D662 /* PointsGamePointsView.swift */ = {isa = PBXFileReference; lastKnownFileType = sourcecode.swift; path = PointsGamePointsView.swift; sourceTree = "<group>"; };
		75CE499E2AD9D4A20099D662 /* PointsGame0P1View.swift */ = {isa = PBXFileReference; lastKnownFileType = sourcecode.swift; path = PointsGame0P1View.swift; sourceTree = "<group>"; };
		75CE49A12AD9D4E20099D662 /* PointsGame15P1View.swift */ = {isa = PBXFileReference; lastKnownFileType = sourcecode.swift; path = PointsGame15P1View.swift; sourceTree = "<group>"; };
		75CE49A32AD9D5A20099D662 /* PointsGame30P1View.swift */ = {isa = PBXFileReference; lastKnownFileType = sourcecode.swift; path = PointsGame30P1View.swift; sourceTree = "<group>"; };
		75CE49A52AD9D5CF0099D662 /* PointsGame40P1View.swift */ = {isa = PBXFileReference; lastKnownFileType = sourcecode.swift; path = PointsGame40P1View.swift; sourceTree = "<group>"; };
		75CE49A82AD9D6910099D662 /* PointsGameADP1View.swift */ = {isa = PBXFileReference; lastKnownFileType = sourcecode.swift; path = PointsGameADP1View.swift; sourceTree = "<group>"; };
		75CE49AC2AD9D8420099D662 /* PointsGame0P1WinView.swift */ = {isa = PBXFileReference; lastKnownFileType = sourcecode.swift; path = PointsGame0P1WinView.swift; sourceTree = "<group>"; };
		75CE49AE2AD9D8960099D662 /* PointsGame15P1WinView.swift */ = {isa = PBXFileReference; lastKnownFileType = sourcecode.swift; path = PointsGame15P1WinView.swift; sourceTree = "<group>"; };
		75CE49B02AD9D8D40099D662 /* PointsGame30P1WinView.swift */ = {isa = PBXFileReference; lastKnownFileType = sourcecode.swift; path = PointsGame30P1WinView.swift; sourceTree = "<group>"; };
		75CE49B22AD9D8E10099D662 /* PointsGame40P1WinView.swift */ = {isa = PBXFileReference; lastKnownFileType = sourcecode.swift; path = PointsGame40P1WinView.swift; sourceTree = "<group>"; };
		75CE49B42AD9D8E90099D662 /* PointsGameADP1WinView.swift */ = {isa = PBXFileReference; lastKnownFileType = sourcecode.swift; path = PointsGameADP1WinView.swift; sourceTree = "<group>"; };
		75CE49B82AD9D97C0099D662 /* PointsGame0P2View.swift */ = {isa = PBXFileReference; lastKnownFileType = sourcecode.swift; path = PointsGame0P2View.swift; sourceTree = "<group>"; };
		75CE49BA2AD9D9890099D662 /* PointsGame15P2View.swift */ = {isa = PBXFileReference; lastKnownFileType = sourcecode.swift; path = PointsGame15P2View.swift; sourceTree = "<group>"; };
		75CE49BC2AD9D9900099D662 /* PointsGame30P2View.swift */ = {isa = PBXFileReference; lastKnownFileType = sourcecode.swift; path = PointsGame30P2View.swift; sourceTree = "<group>"; };
		75CE49BE2AD9D9980099D662 /* PointsGame40P2View.swift */ = {isa = PBXFileReference; lastKnownFileType = sourcecode.swift; path = PointsGame40P2View.swift; sourceTree = "<group>"; };
		75CE49C02AD9D9A70099D662 /* PointsGameADP2View.swift */ = {isa = PBXFileReference; lastKnownFileType = sourcecode.swift; path = PointsGameADP2View.swift; sourceTree = "<group>"; };
		75CE49C22AD9D9BA0099D662 /* PointsGame0P2WinView.swift */ = {isa = PBXFileReference; lastKnownFileType = sourcecode.swift; path = PointsGame0P2WinView.swift; sourceTree = "<group>"; };
		75CE49C42AD9D9C10099D662 /* PointsGame15P2WinView.swift */ = {isa = PBXFileReference; lastKnownFileType = sourcecode.swift; path = PointsGame15P2WinView.swift; sourceTree = "<group>"; };
		75CE49C62AD9D9C80099D662 /* PointsGame30P2WinView.swift */ = {isa = PBXFileReference; lastKnownFileType = sourcecode.swift; path = PointsGame30P2WinView.swift; sourceTree = "<group>"; };
		75CE49C82AD9D9CE0099D662 /* PointsGame40P2WinView.swift */ = {isa = PBXFileReference; lastKnownFileType = sourcecode.swift; path = PointsGame40P2WinView.swift; sourceTree = "<group>"; };
		75CE49CA2AD9D9D40099D662 /* PointsGameADP2WinView.swift */ = {isa = PBXFileReference; lastKnownFileType = sourcecode.swift; path = PointsGameADP2WinView.swift; sourceTree = "<group>"; };
		75CE49CE2ADAD3DC0099D662 /* PointsGameWinP1WinView.swift */ = {isa = PBXFileReference; lastKnownFileType = sourcecode.swift; path = PointsGameWinP1WinView.swift; sourceTree = "<group>"; };
		75CE49D22ADAD4540099D662 /* PointsGameWin2WinView.swift */ = {isa = PBXFileReference; lastKnownFileType = sourcecode.swift; path = PointsGameWin2WinView.swift; sourceTree = "<group>"; };
		75CE49D42ADAE2DB0099D662 /* Player1FrameView.swift */ = {isa = PBXFileReference; lastKnownFileType = sourcecode.swift; path = Player1FrameView.swift; sourceTree = "<group>"; };
		75CE49D92ADAEA4E0099D662 /* Player2FrameView.swift */ = {isa = PBXFileReference; lastKnownFileType = sourcecode.swift; path = Player2FrameView.swift; sourceTree = "<group>"; };
		75CE49DB2ADAEACF0099D662 /* Player1WinFrameView.swift */ = {isa = PBXFileReference; lastKnownFileType = sourcecode.swift; path = Player1WinFrameView.swift; sourceTree = "<group>"; };
		75CE49DF2ADAEC280099D662 /* Player2WinFrameView.swift */ = {isa = PBXFileReference; lastKnownFileType = sourcecode.swift; path = Player2WinFrameView.swift; sourceTree = "<group>"; };
		75CE49E22ADAEF4F0099D662 /* Player1Set1View.swift */ = {isa = PBXFileReference; lastKnownFileType = sourcecode.swift; path = Player1Set1View.swift; sourceTree = "<group>"; };
		75CE49E42ADAF2BA0099D662 /* Player1Set2View.swift */ = {isa = PBXFileReference; lastKnownFileType = sourcecode.swift; path = Player1Set2View.swift; sourceTree = "<group>"; };
		75CE49E62ADAF2E70099D662 /* Player1Set3View.swift */ = {isa = PBXFileReference; lastKnownFileType = sourcecode.swift; path = Player1Set3View.swift; sourceTree = "<group>"; };
		75CE49E82ADAF3080099D662 /* Player2Set1View.swift */ = {isa = PBXFileReference; lastKnownFileType = sourcecode.swift; path = Player2Set1View.swift; sourceTree = "<group>"; };
		75CE49EA2ADAF3260099D662 /* Player2Set2View.swift */ = {isa = PBXFileReference; lastKnownFileType = sourcecode.swift; path = Player2Set2View.swift; sourceTree = "<group>"; };
		75CE49EC2ADAF32C0099D662 /* Player2Set3View.swift */ = {isa = PBXFileReference; lastKnownFileType = sourcecode.swift; path = Player2Set3View.swift; sourceTree = "<group>"; };
		75CE49EE2ADAF5430099D662 /* Set1WinP1Leads1_0View.swift */ = {isa = PBXFileReference; lastKnownFileType = sourcecode.swift; path = Set1WinP1Leads1_0View.swift; sourceTree = "<group>"; };
		75CE49F02ADAFAA90099D662 /* Set1WinP2Leads1_0View.swift */ = {isa = PBXFileReference; lastKnownFileType = sourcecode.swift; path = Set1WinP2Leads1_0View.swift; sourceTree = "<group>"; };
		75CE49F32ADAFB1B0099D662 /* Set2WinP1Wins2_0View.swift */ = {isa = PBXFileReference; lastKnownFileType = sourcecode.swift; path = Set2WinP1Wins2_0View.swift; sourceTree = "<group>"; };
		75CE49F52ADAFB880099D662 /* Set2WinP2Wins2_0View.swift */ = {isa = PBXFileReference; lastKnownFileType = sourcecode.swift; path = Set2WinP2Wins2_0View.swift; sourceTree = "<group>"; };
		75CE49F72ADAFB9E0099D662 /* Set2WinP1Equalizes1_1View.swift */ = {isa = PBXFileReference; lastKnownFileType = sourcecode.swift; path = Set2WinP1Equalizes1_1View.swift; sourceTree = "<group>"; };
		75CE49F92ADAFC310099D662 /* Set2WinP2Equalizes1_1View.swift */ = {isa = PBXFileReference; lastKnownFileType = sourcecode.swift; path = Set2WinP2Equalizes1_1View.swift; sourceTree = "<group>"; };
		75CE49FB2ADAFC440099D662 /* Set3WinP1Wins2_1View.swift */ = {isa = PBXFileReference; lastKnownFileType = sourcecode.swift; path = Set3WinP1Wins2_1View.swift; sourceTree = "<group>"; };
		75CE49FD2ADAFC530099D662 /* Set3WinP2Wins2_1View.swift */ = {isa = PBXFileReference; lastKnownFileType = sourcecode.swift; path = Set3WinP2Wins2_1View.swift; sourceTree = "<group>"; };
		75CE49FF2ADB09420099D662 /* PointsGameBackgroundView.swift */ = {isa = PBXFileReference; lastKnownFileType = sourcecode.swift; path = PointsGameBackgroundView.swift; sourceTree = "<group>"; };
		75CE4A012ADB0EF90099D662 /* PointsGameView.swift */ = {isa = PBXFileReference; lastKnownFileType = sourcecode.swift; path = PointsGameView.swift; sourceTree = "<group>"; };
		75CE4A032ADB10E30099D662 /* MatchButtonView.swift */ = {isa = PBXFileReference; lastKnownFileType = sourcecode.swift; path = MatchButtonView.swift; sourceTree = "<group>"; };
		75CE4A052ADB12180099D662 /* DashboardView.swift */ = {isa = PBXFileReference; lastKnownFileType = sourcecode.swift; path = DashboardView.swift; sourceTree = "<group>"; };
		75CE4A082ADB16D30099D662 /* FieldView.swift */ = {isa = PBXFileReference; lastKnownFileType = sourcecode.swift; path = FieldView.swift; sourceTree = "<group>"; };
		75CE4A0A2ADB17C50099D662 /* ContentView.swift */ = {isa = PBXFileReference; lastKnownFileType = sourcecode.swift; path = ContentView.swift; sourceTree = "<group>"; };
		75CE4A0C2ADC12D20099D662 /* MatchButtonServerView.swift */ = {isa = PBXFileReference; lastKnownFileType = sourcecode.swift; path = MatchButtonServerView.swift; sourceTree = "<group>"; };
/* End PBXFileReference section */

/* Begin PBXFrameworksBuildPhase section */
		7515581D2AD03B2A00C30613 /* Frameworks */ = {
			isa = PBXFrameworksBuildPhase;
			buildActionMask = 2147483647;
			files = (
			);
			runOnlyForDeploymentPostprocessing = 0;
		};
		7515582D2AD03B2B00C30613 /* Frameworks */ = {
			isa = PBXFrameworksBuildPhase;
			buildActionMask = 2147483647;
			files = (
			);
			runOnlyForDeploymentPostprocessing = 0;
		};
		751558372AD03B2B00C30613 /* Frameworks */ = {
			isa = PBXFrameworksBuildPhase;
			buildActionMask = 2147483647;
			files = (
			);
			runOnlyForDeploymentPostprocessing = 0;
		};
/* End PBXFrameworksBuildPhase section */

/* Begin PBXGroup section */
		751558172AD03B2A00C30613 = {
			isa = PBXGroup;
			children = (
				751558222AD03B2A00C30613 /* TennisAnalysis */,
				751558332AD03B2B00C30613 /* TennisAnalysisTests */,
				7515583D2AD03B2B00C30613 /* TennisAnalysisUITests */,
				751558212AD03B2A00C30613 /* Products */,
			);
			sourceTree = "<group>";
		};
		751558212AD03B2A00C30613 /* Products */ = {
			isa = PBXGroup;
			children = (
				751558202AD03B2A00C30613 /* TennisAnalysis.app */,
				751558302AD03B2B00C30613 /* TennisAnalysisTests.xctest */,
				7515583A2AD03B2B00C30613 /* TennisAnalysisUITests.xctest */,
			);
			name = Products;
			sourceTree = "<group>";
		};
		751558222AD03B2A00C30613 /* TennisAnalysis */ = {
			isa = PBXGroup;
			children = (
				7566FC3D2ADD5CBD00A87541 /* StatesExample */,
				751558232AD03B2A00C30613 /* TennisAnalysisApp.swift */,
				75CE4A0A2ADB17C50099D662 /* ContentView.swift */,
				7566FC2E2ADC1A2300A87541 /* Login */,
				751558272AD03B2B00C30613 /* Assets.xcassets */,
				75CE49882AD989300099D662 /* Dashboard */,
				751558292AD03B2B00C30613 /* Preview Content */,
			);
			path = TennisAnalysis;
			sourceTree = "<group>";
		};
		751558292AD03B2B00C30613 /* Preview Content */ = {
			isa = PBXGroup;
			children = (
				7515582A2AD03B2B00C30613 /* Preview Assets.xcassets */,
			);
			path = "Preview Content";
			sourceTree = "<group>";
		};
		751558332AD03B2B00C30613 /* TennisAnalysisTests */ = {
			isa = PBXGroup;
			children = (
				751558342AD03B2B00C30613 /* TennisAnalysisTests.swift */,
			);
			path = TennisAnalysisTests;
			sourceTree = "<group>";
		};
		7515583D2AD03B2B00C30613 /* TennisAnalysisUITests */ = {
			isa = PBXGroup;
			children = (
				7515583E2AD03B2B00C30613 /* TennisAnalysisUITests.swift */,
				751558402AD03B2B00C30613 /* TennisAnalysisUITestsLaunchTests.swift */,
			);
			path = TennisAnalysisUITests;
			sourceTree = "<group>";
		};
		7566FC2E2ADC1A2300A87541 /* Login */ = {
			isa = PBXGroup;
			children = (
				7566FC302ADC1A4200A87541 /* LoginView.swift */,
			);
			path = Login;
			sourceTree = "<group>";
		};
		7566FC362ADC409700A87541 /* Buttons */ = {
			isa = PBXGroup;
			children = (
				75CE49982AD9BFC50099D662 /* MatchButtonsCreationView.swift */,
				75CE4A0C2ADC12D20099D662 /* MatchButtonServerView.swift */,
				75CE4A032ADB10E30099D662 /* MatchButtonView.swift */,
			);
			path = Buttons;
			sourceTree = "<group>";
		};
		7566FC3D2ADD5CBD00A87541 /* StatesExample */ = {
			isa = PBXGroup;
			children = (
			);
			path = StatesExample;
			sourceTree = "<group>";
		};
		75CE49882AD989300099D662 /* Dashboard */ = {
			isa = PBXGroup;
			children = (
				75CE4A052ADB12180099D662 /* DashboardView.swift */,
				75CE4A072ADB16A20099D662 /* Field Screen */,
				75CE49952AD9BD7E0099D662 /* Main Screen */,
				75CE49932AD9977D0099D662 /* Statistic */,
			);
			path = Dashboard;
			sourceTree = "<group>";
		};
		75CE49932AD9977D0099D662 /* Statistic */ = {
			isa = PBXGroup;
			children = (
				75CE49912AD9966D0099D662 /* StatisticsView.swift */,
				75CE498B2AD98D460099D662 /* MatchSummaryHeaderView.swift */,
				75CE49892AD989960099D662 /* MatchStatisticButtonView.swift */,
				75CE498D2AD992600099D662 /* ServesView.swift */,
				75CE498F2AD9958F0099D662 /* PointsView.swift */,
			);
			path = Statistic;
			sourceTree = "<group>";
		};
		75CE49952AD9BD7E0099D662 /* Main Screen */ = {
			isa = PBXGroup;
			children = (
				75CE49962AD9BD970099D662 /* MainScreenView.swift */,
				75CE499A2AD9C3080099D662 /* PlayerSetsView.swift */,
				75CE4A012ADB0EF90099D662 /* PointsGameView.swift */,
				75CE49FF2ADB09420099D662 /* PointsGameBackgroundView.swift */,
				75CE499C2AD9CE1C0099D662 /* PointsGamePointsView.swift */,
				75CE49A02AD9D4C60099D662 /* PointsGame */,
				75CE49E12ADAEF380099D662 /* SetsView */,
				75CE49F22ADAFAB70099D662 /* SetWinFrameView */,
				75CE49D82ADAE9250099D662 /* PlayerFrames */,
				7566FC362ADC409700A87541 /* Buttons */,
			);
			path = "Main Screen";
			sourceTree = "<group>";
		};
		75CE49A02AD9D4C60099D662 /* PointsGame */ = {
			isa = PBXGroup;
			children = (
				75CE49A72AD9D60A0099D662 /* Player1 */,
				75CE49AB2AD9D7C20099D662 /* Player1Win */,
				75CE49B62AD9D93F0099D662 /* Player2 */,
				75CE49B72AD9D9510099D662 /* Player2Win */,
			);
			path = PointsGame;
			sourceTree = "<group>";
		};
		75CE49A72AD9D60A0099D662 /* Player1 */ = {
			isa = PBXGroup;
			children = (
				75CE499E2AD9D4A20099D662 /* PointsGame0P1View.swift */,
				75CE49A12AD9D4E20099D662 /* PointsGame15P1View.swift */,
				75CE49A32AD9D5A20099D662 /* PointsGame30P1View.swift */,
				75CE49A52AD9D5CF0099D662 /* PointsGame40P1View.swift */,
				75CE49A82AD9D6910099D662 /* PointsGameADP1View.swift */,
			);
			path = Player1;
			sourceTree = "<group>";
		};
		75CE49AB2AD9D7C20099D662 /* Player1Win */ = {
			isa = PBXGroup;
			children = (
				75CE49AC2AD9D8420099D662 /* PointsGame0P1WinView.swift */,
				75CE49AE2AD9D8960099D662 /* PointsGame15P1WinView.swift */,
				75CE49B02AD9D8D40099D662 /* PointsGame30P1WinView.swift */,
				75CE49B22AD9D8E10099D662 /* PointsGame40P1WinView.swift */,
				75CE49B42AD9D8E90099D662 /* PointsGameADP1WinView.swift */,
				75CE49CE2ADAD3DC0099D662 /* PointsGameWinP1WinView.swift */,
			);
			path = Player1Win;
			sourceTree = "<group>";
		};
		75CE49B62AD9D93F0099D662 /* Player2 */ = {
			isa = PBXGroup;
			children = (
				75CE49B82AD9D97C0099D662 /* PointsGame0P2View.swift */,
				75CE49BA2AD9D9890099D662 /* PointsGame15P2View.swift */,
				75CE49BC2AD9D9900099D662 /* PointsGame30P2View.swift */,
				75CE49BE2AD9D9980099D662 /* PointsGame40P2View.swift */,
				75CE49C02AD9D9A70099D662 /* PointsGameADP2View.swift */,
			);
			path = Player2;
			sourceTree = "<group>";
		};
		75CE49B72AD9D9510099D662 /* Player2Win */ = {
			isa = PBXGroup;
			children = (
				75CE49C22AD9D9BA0099D662 /* PointsGame0P2WinView.swift */,
				75CE49C42AD9D9C10099D662 /* PointsGame15P2WinView.swift */,
				75CE49C62AD9D9C80099D662 /* PointsGame30P2WinView.swift */,
				75CE49C82AD9D9CE0099D662 /* PointsGame40P2WinView.swift */,
				75CE49CA2AD9D9D40099D662 /* PointsGameADP2WinView.swift */,
				75CE49D22ADAD4540099D662 /* PointsGameWin2WinView.swift */,
			);
			path = Player2Win;
			sourceTree = "<group>";
		};
		75CE49D82ADAE9250099D662 /* PlayerFrames */ = {
			isa = PBXGroup;
			children = (
				75CE49DD2ADAEB280099D662 /* Frames */,
				75CE49DE2ADAEB3B0099D662 /* WinFrames */,
			);
			path = PlayerFrames;
			sourceTree = "<group>";
		};
		75CE49DD2ADAEB280099D662 /* Frames */ = {
			isa = PBXGroup;
			children = (
				75CE49D42ADAE2DB0099D662 /* Player1FrameView.swift */,
				75CE49D92ADAEA4E0099D662 /* Player2FrameView.swift */,
			);
			path = Frames;
			sourceTree = "<group>";
		};
		75CE49DE2ADAEB3B0099D662 /* WinFrames */ = {
			isa = PBXGroup;
			children = (
				75CE49DB2ADAEACF0099D662 /* Player1WinFrameView.swift */,
				75CE49DF2ADAEC280099D662 /* Player2WinFrameView.swift */,
			);
			path = WinFrames;
			sourceTree = "<group>";
		};
		75CE49E12ADAEF380099D662 /* SetsView */ = {
			isa = PBXGroup;
			children = (
				75CE49E22ADAEF4F0099D662 /* Player1Set1View.swift */,
				75CE49E42ADAF2BA0099D662 /* Player1Set2View.swift */,
				75CE49E62ADAF2E70099D662 /* Player1Set3View.swift */,
				75CE49E82ADAF3080099D662 /* Player2Set1View.swift */,
				75CE49EA2ADAF3260099D662 /* Player2Set2View.swift */,
				75CE49EC2ADAF32C0099D662 /* Player2Set3View.swift */,
			);
			path = SetsView;
			sourceTree = "<group>";
		};
		75CE49F22ADAFAB70099D662 /* SetWinFrameView */ = {
			isa = PBXGroup;
			children = (
				75CE49EE2ADAF5430099D662 /* Set1WinP1Leads1_0View.swift */,
				75CE49F02ADAFAA90099D662 /* Set1WinP2Leads1_0View.swift */,
				75CE49F32ADAFB1B0099D662 /* Set2WinP1Wins2_0View.swift */,
				75CE49F52ADAFB880099D662 /* Set2WinP2Wins2_0View.swift */,
				75CE49F72ADAFB9E0099D662 /* Set2WinP1Equalizes1_1View.swift */,
				75CE49F92ADAFC310099D662 /* Set2WinP2Equalizes1_1View.swift */,
				75CE49FB2ADAFC440099D662 /* Set3WinP1Wins2_1View.swift */,
				75CE49FD2ADAFC530099D662 /* Set3WinP2Wins2_1View.swift */,
			);
			path = SetWinFrameView;
			sourceTree = "<group>";
		};
		75CE4A072ADB16A20099D662 /* Field Screen */ = {
			isa = PBXGroup;
			children = (
				75CE4A082ADB16D30099D662 /* FieldView.swift */,
			);
			path = "Field Screen";
			sourceTree = "<group>";
		};
/* End PBXGroup section */

/* Begin PBXNativeTarget section */
		7515581F2AD03B2A00C30613 /* TennisAnalysis */ = {
			isa = PBXNativeTarget;
			buildConfigurationList = 751558442AD03B2B00C30613 /* Build configuration list for PBXNativeTarget "TennisAnalysis" */;
			buildPhases = (
				7515581C2AD03B2A00C30613 /* Sources */,
				7515581D2AD03B2A00C30613 /* Frameworks */,
				7515581E2AD03B2A00C30613 /* Resources */,
			);
			buildRules = (
			);
			dependencies = (
			);
			name = TennisAnalysis;
			productName = TennisAnalysis;
			productReference = 751558202AD03B2A00C30613 /* TennisAnalysis.app */;
			productType = "com.apple.product-type.application";
		};
		7515582F2AD03B2B00C30613 /* TennisAnalysisTests */ = {
			isa = PBXNativeTarget;
			buildConfigurationList = 751558472AD03B2B00C30613 /* Build configuration list for PBXNativeTarget "TennisAnalysisTests" */;
			buildPhases = (
				7515582C2AD03B2B00C30613 /* Sources */,
				7515582D2AD03B2B00C30613 /* Frameworks */,
				7515582E2AD03B2B00C30613 /* Resources */,
			);
			buildRules = (
			);
			dependencies = (
				751558322AD03B2B00C30613 /* PBXTargetDependency */,
			);
			name = TennisAnalysisTests;
			productName = TennisAnalysisTests;
			productReference = 751558302AD03B2B00C30613 /* TennisAnalysisTests.xctest */;
			productType = "com.apple.product-type.bundle.unit-test";
		};
		751558392AD03B2B00C30613 /* TennisAnalysisUITests */ = {
			isa = PBXNativeTarget;
			buildConfigurationList = 7515584A2AD03B2B00C30613 /* Build configuration list for PBXNativeTarget "TennisAnalysisUITests" */;
			buildPhases = (
				751558362AD03B2B00C30613 /* Sources */,
				751558372AD03B2B00C30613 /* Frameworks */,
				751558382AD03B2B00C30613 /* Resources */,
			);
			buildRules = (
			);
			dependencies = (
				7515583C2AD03B2B00C30613 /* PBXTargetDependency */,
			);
			name = TennisAnalysisUITests;
			productName = TennisAnalysisUITests;
			productReference = 7515583A2AD03B2B00C30613 /* TennisAnalysisUITests.xctest */;
			productType = "com.apple.product-type.bundle.ui-testing";
		};
/* End PBXNativeTarget section */

/* Begin PBXProject section */
		751558182AD03B2A00C30613 /* Project object */ = {
			isa = PBXProject;
			attributes = {
				BuildIndependentTargetsInParallel = 1;
				LastSwiftUpdateCheck = 1500;
				LastUpgradeCheck = 1500;
				TargetAttributes = {
					7515581F2AD03B2A00C30613 = {
						CreatedOnToolsVersion = 15.0;
					};
					7515582F2AD03B2B00C30613 = {
						CreatedOnToolsVersion = 15.0;
						TestTargetID = 7515581F2AD03B2A00C30613;
					};
					751558392AD03B2B00C30613 = {
						CreatedOnToolsVersion = 15.0;
						TestTargetID = 7515581F2AD03B2A00C30613;
					};
				};
			};
			buildConfigurationList = 7515581B2AD03B2A00C30613 /* Build configuration list for PBXProject "TennisAnalysis" */;
			compatibilityVersion = "Xcode 14.0";
			developmentRegion = en;
			hasScannedForEncodings = 0;
			knownRegions = (
				en,
				Base,
			);
			mainGroup = 751558172AD03B2A00C30613;
			productRefGroup = 751558212AD03B2A00C30613 /* Products */;
			projectDirPath = "";
			projectRoot = "";
			targets = (
				7515581F2AD03B2A00C30613 /* TennisAnalysis */,
				7515582F2AD03B2B00C30613 /* TennisAnalysisTests */,
				751558392AD03B2B00C30613 /* TennisAnalysisUITests */,
			);
		};
/* End PBXProject section */

/* Begin PBXResourcesBuildPhase section */
		7515581E2AD03B2A00C30613 /* Resources */ = {
			isa = PBXResourcesBuildPhase;
			buildActionMask = 2147483647;
			files = (
				7515582B2AD03B2B00C30613 /* Preview Assets.xcassets in Resources */,
				751558282AD03B2B00C30613 /* Assets.xcassets in Resources */,
			);
			runOnlyForDeploymentPostprocessing = 0;
		};
		7515582E2AD03B2B00C30613 /* Resources */ = {
			isa = PBXResourcesBuildPhase;
			buildActionMask = 2147483647;
			files = (
			);
			runOnlyForDeploymentPostprocessing = 0;
		};
		751558382AD03B2B00C30613 /* Resources */ = {
			isa = PBXResourcesBuildPhase;
			buildActionMask = 2147483647;
			files = (
			);
			runOnlyForDeploymentPostprocessing = 0;
		};
/* End PBXResourcesBuildPhase section */

/* Begin PBXSourcesBuildPhase section */
		7515581C2AD03B2A00C30613 /* Sources */ = {
			isa = PBXSourcesBuildPhase;
			buildActionMask = 2147483647;
			files = (
				75CE49BD2AD9D9900099D662 /* PointsGame30P2View.swift in Sources */,
				75CE49FA2ADAFC310099D662 /* Set2WinP2Equalizes1_1View.swift in Sources */,
				75CE4A0B2ADB17C50099D662 /* ContentView.swift in Sources */,
				75CE49F62ADAFB880099D662 /* Set2WinP2Wins2_0View.swift in Sources */,
				75CE49E92ADAF3080099D662 /* Player2Set1View.swift in Sources */,
				75CE49B32AD9D8E10099D662 /* PointsGame40P1WinView.swift in Sources */,
				75CE49C12AD9D9A80099D662 /* PointsGameADP2View.swift in Sources */,
				75CE499B2AD9C3080099D662 /* PlayerSetsView.swift in Sources */,
				75CE499D2AD9CE1C0099D662 /* PointsGamePointsView.swift in Sources */,
				75CE4A002ADB09420099D662 /* PointsGameBackgroundView.swift in Sources */,
				75CE49EB2ADAF3260099D662 /* Player2Set2View.swift in Sources */,
				75CE4A042ADB10E30099D662 /* MatchButtonView.swift in Sources */,
				75CE49CB2AD9D9D40099D662 /* PointsGameADP2WinView.swift in Sources */,
				75CE49922AD9966D0099D662 /* StatisticsView.swift in Sources */,
				75CE49C92AD9D9CE0099D662 /* PointsGame40P2WinView.swift in Sources */,
				75CE49FC2ADAFC440099D662 /* Set3WinP1Wins2_1View.swift in Sources */,
				75CE4A022ADB0EF90099D662 /* PointsGameView.swift in Sources */,
				75CE49C32AD9D9BA0099D662 /* PointsGame0P2WinView.swift in Sources */,
				75CE498C2AD98D460099D662 /* MatchSummaryHeaderView.swift in Sources */,
				75CE49E02ADAEC280099D662 /* Player2WinFrameView.swift in Sources */,
				75CE49FE2ADAFC530099D662 /* Set3WinP2Wins2_1View.swift in Sources */,
				75CE49AD2AD9D8420099D662 /* PointsGame0P1WinView.swift in Sources */,
				75CE49A22AD9D4E20099D662 /* PointsGame15P1View.swift in Sources */,
				75CE49D32ADAD4540099D662 /* PointsGameWin2WinView.swift in Sources */,
				75CE49902AD9958F0099D662 /* PointsView.swift in Sources */,
				75CE49A42AD9D5A20099D662 /* PointsGame30P1View.swift in Sources */,
				75CE49992AD9BFC50099D662 /* MatchButtonsCreationView.swift in Sources */,
				75CE49B92AD9D97C0099D662 /* PointsGame0P2View.swift in Sources */,
				75CE498E2AD992600099D662 /* ServesView.swift in Sources */,
				75CE49ED2ADAF32C0099D662 /* Player2Set3View.swift in Sources */,
				7566FC312ADC1A4200A87541 /* LoginView.swift in Sources */,
				75CE499F2AD9D4A20099D662 /* PointsGame0P1View.swift in Sources */,
				75CE49BB2AD9D9890099D662 /* PointsGame15P2View.swift in Sources */,
				75CE49F12ADAFAA90099D662 /* Set1WinP2Leads1_0View.swift in Sources */,
				75CE4A062ADB12180099D662 /* DashboardView.swift in Sources */,
				75CE49E72ADAF2E70099D662 /* Player1Set3View.swift in Sources */,
				75CE49A92AD9D6910099D662 /* PointsGameADP1View.swift in Sources */,
				75CE49B12AD9D8D40099D662 /* PointsGame30P1WinView.swift in Sources */,
				75CE49C72AD9D9C80099D662 /* PointsGame30P2WinView.swift in Sources */,
				75CE49B52AD9D8E90099D662 /* PointsGameADP1WinView.swift in Sources */,
				75CE49DA2ADAEA4F0099D662 /* Player2FrameView.swift in Sources */,
				75CE4A092ADB16D30099D662 /* FieldView.swift in Sources */,
				75CE4A0D2ADC12D20099D662 /* MatchButtonServerView.swift in Sources */,
				75CE498A2AD989960099D662 /* MatchStatisticButtonView.swift in Sources */,
				75CE49F42ADAFB1B0099D662 /* Set2WinP1Wins2_0View.swift in Sources */,
				75CE49BF2AD9D9980099D662 /* PointsGame40P2View.swift in Sources */,
				751558242AD03B2A00C30613 /* TennisAnalysisApp.swift in Sources */,
				75CE49A62AD9D5CF0099D662 /* PointsGame40P1View.swift in Sources */,
				75CE49D52ADAE2DB0099D662 /* Player1FrameView.swift in Sources */,
				75CE49C52AD9D9C10099D662 /* PointsGame15P2WinView.swift in Sources */,
				75CE49DC2ADAEACF0099D662 /* Player1WinFrameView.swift in Sources */,
				75CE49972AD9BD970099D662 /* MainScreenView.swift in Sources */,
				75CE49CF2ADAD3DC0099D662 /* PointsGameWinP1WinView.swift in Sources */,
				75CE49EF2ADAF5430099D662 /* Set1WinP1Leads1_0View.swift in Sources */,
				75CE49E32ADAEF4F0099D662 /* Player1Set1View.swift in Sources */,
				75CE49F82ADAFB9E0099D662 /* Set2WinP1Equalizes1_1View.swift in Sources */,
				75CE49AF2AD9D8960099D662 /* PointsGame15P1WinView.swift in Sources */,
				75CE49E52ADAF2BA0099D662 /* Player1Set2View.swift in Sources */,
			);
			runOnlyForDeploymentPostprocessing = 0;
		};
		7515582C2AD03B2B00C30613 /* Sources */ = {
			isa = PBXSourcesBuildPhase;
			buildActionMask = 2147483647;
			files = (
				751558352AD03B2B00C30613 /* TennisAnalysisTests.swift in Sources */,
			);
			runOnlyForDeploymentPostprocessing = 0;
		};
		751558362AD03B2B00C30613 /* Sources */ = {
			isa = PBXSourcesBuildPhase;
			buildActionMask = 2147483647;
			files = (
				7515583F2AD03B2B00C30613 /* TennisAnalysisUITests.swift in Sources */,
				751558412AD03B2B00C30613 /* TennisAnalysisUITestsLaunchTests.swift in Sources */,
			);
			runOnlyForDeploymentPostprocessing = 0;
		};
/* End PBXSourcesBuildPhase section */

/* Begin PBXTargetDependency section */
		751558322AD03B2B00C30613 /* PBXTargetDependency */ = {
			isa = PBXTargetDependency;
			target = 7515581F2AD03B2A00C30613 /* TennisAnalysis */;
			targetProxy = 751558312AD03B2B00C30613 /* PBXContainerItemProxy */;
		};
		7515583C2AD03B2B00C30613 /* PBXTargetDependency */ = {
			isa = PBXTargetDependency;
			target = 7515581F2AD03B2A00C30613 /* TennisAnalysis */;
			targetProxy = 7515583B2AD03B2B00C30613 /* PBXContainerItemProxy */;
		};
/* End PBXTargetDependency section */

/* Begin XCBuildConfiguration section */
		751558422AD03B2B00C30613 /* Debug */ = {
			isa = XCBuildConfiguration;
			buildSettings = {
				ALWAYS_SEARCH_USER_PATHS = NO;
				ASSETCATALOG_COMPILER_GENERATE_SWIFT_ASSET_SYMBOL_EXTENSIONS = YES;
				CLANG_ANALYZER_NONNULL = YES;
				CLANG_ANALYZER_NUMBER_OBJECT_CONVERSION = YES_AGGRESSIVE;
				CLANG_CXX_LANGUAGE_STANDARD = "gnu++20";
				CLANG_ENABLE_MODULES = YES;
				CLANG_ENABLE_OBJC_ARC = YES;
				CLANG_ENABLE_OBJC_WEAK = YES;
				CLANG_WARN_BLOCK_CAPTURE_AUTORELEASING = YES;
				CLANG_WARN_BOOL_CONVERSION = YES;
				CLANG_WARN_COMMA = YES;
				CLANG_WARN_CONSTANT_CONVERSION = YES;
				CLANG_WARN_DEPRECATED_OBJC_IMPLEMENTATIONS = YES;
				CLANG_WARN_DIRECT_OBJC_ISA_USAGE = YES_ERROR;
				CLANG_WARN_DOCUMENTATION_COMMENTS = YES;
				CLANG_WARN_EMPTY_BODY = YES;
				CLANG_WARN_ENUM_CONVERSION = YES;
				CLANG_WARN_INFINITE_RECURSION = YES;
				CLANG_WARN_INT_CONVERSION = YES;
				CLANG_WARN_NON_LITERAL_NULL_CONVERSION = YES;
				CLANG_WARN_OBJC_IMPLICIT_RETAIN_SELF = YES;
				CLANG_WARN_OBJC_LITERAL_CONVERSION = YES;
				CLANG_WARN_OBJC_ROOT_CLASS = YES_ERROR;
				CLANG_WARN_QUOTED_INCLUDE_IN_FRAMEWORK_HEADER = YES;
				CLANG_WARN_RANGE_LOOP_ANALYSIS = YES;
				CLANG_WARN_STRICT_PROTOTYPES = YES;
				CLANG_WARN_SUSPICIOUS_MOVE = YES;
				CLANG_WARN_UNGUARDED_AVAILABILITY = YES_AGGRESSIVE;
				CLANG_WARN_UNREACHABLE_CODE = YES;
				CLANG_WARN__DUPLICATE_METHOD_MATCH = YES;
				COPY_PHASE_STRIP = NO;
				DEBUG_INFORMATION_FORMAT = dwarf;
				ENABLE_STRICT_OBJC_MSGSEND = YES;
				ENABLE_TESTABILITY = YES;
				ENABLE_USER_SCRIPT_SANDBOXING = YES;
				GCC_C_LANGUAGE_STANDARD = gnu17;
				GCC_DYNAMIC_NO_PIC = NO;
				GCC_NO_COMMON_BLOCKS = YES;
				GCC_OPTIMIZATION_LEVEL = 0;
				GCC_PREPROCESSOR_DEFINITIONS = (
					"DEBUG=1",
					"$(inherited)",
				);
				GCC_WARN_64_TO_32_BIT_CONVERSION = YES;
				GCC_WARN_ABOUT_RETURN_TYPE = YES_ERROR;
				GCC_WARN_UNDECLARED_SELECTOR = YES;
				GCC_WARN_UNINITIALIZED_AUTOS = YES_AGGRESSIVE;
				GCC_WARN_UNUSED_FUNCTION = YES;
				GCC_WARN_UNUSED_VARIABLE = YES;
				IPHONEOS_DEPLOYMENT_TARGET = 17.0;
				LOCALIZATION_PREFERS_STRING_CATALOGS = YES;
				MTL_ENABLE_DEBUG_INFO = INCLUDE_SOURCE;
				MTL_FAST_MATH = YES;
				ONLY_ACTIVE_ARCH = YES;
				SDKROOT = iphoneos;
				SWIFT_ACTIVE_COMPILATION_CONDITIONS = "DEBUG $(inherited)";
				SWIFT_OPTIMIZATION_LEVEL = "-Onone";
			};
			name = Debug;
		};
		751558432AD03B2B00C30613 /* Release */ = {
			isa = XCBuildConfiguration;
			buildSettings = {
				ALWAYS_SEARCH_USER_PATHS = NO;
				ASSETCATALOG_COMPILER_GENERATE_SWIFT_ASSET_SYMBOL_EXTENSIONS = YES;
				CLANG_ANALYZER_NONNULL = YES;
				CLANG_ANALYZER_NUMBER_OBJECT_CONVERSION = YES_AGGRESSIVE;
				CLANG_CXX_LANGUAGE_STANDARD = "gnu++20";
				CLANG_ENABLE_MODULES = YES;
				CLANG_ENABLE_OBJC_ARC = YES;
				CLANG_ENABLE_OBJC_WEAK = YES;
				CLANG_WARN_BLOCK_CAPTURE_AUTORELEASING = YES;
				CLANG_WARN_BOOL_CONVERSION = YES;
				CLANG_WARN_COMMA = YES;
				CLANG_WARN_CONSTANT_CONVERSION = YES;
				CLANG_WARN_DEPRECATED_OBJC_IMPLEMENTATIONS = YES;
				CLANG_WARN_DIRECT_OBJC_ISA_USAGE = YES_ERROR;
				CLANG_WARN_DOCUMENTATION_COMMENTS = YES;
				CLANG_WARN_EMPTY_BODY = YES;
				CLANG_WARN_ENUM_CONVERSION = YES;
				CLANG_WARN_INFINITE_RECURSION = YES;
				CLANG_WARN_INT_CONVERSION = YES;
				CLANG_WARN_NON_LITERAL_NULL_CONVERSION = YES;
				CLANG_WARN_OBJC_IMPLICIT_RETAIN_SELF = YES;
				CLANG_WARN_OBJC_LITERAL_CONVERSION = YES;
				CLANG_WARN_OBJC_ROOT_CLASS = YES_ERROR;
				CLANG_WARN_QUOTED_INCLUDE_IN_FRAMEWORK_HEADER = YES;
				CLANG_WARN_RANGE_LOOP_ANALYSIS = YES;
				CLANG_WARN_STRICT_PROTOTYPES = YES;
				CLANG_WARN_SUSPICIOUS_MOVE = YES;
				CLANG_WARN_UNGUARDED_AVAILABILITY = YES_AGGRESSIVE;
				CLANG_WARN_UNREACHABLE_CODE = YES;
				CLANG_WARN__DUPLICATE_METHOD_MATCH = YES;
				COPY_PHASE_STRIP = NO;
				DEBUG_INFORMATION_FORMAT = "dwarf-with-dsym";
				ENABLE_NS_ASSERTIONS = NO;
				ENABLE_STRICT_OBJC_MSGSEND = YES;
				ENABLE_USER_SCRIPT_SANDBOXING = YES;
				GCC_C_LANGUAGE_STANDARD = gnu17;
				GCC_NO_COMMON_BLOCKS = YES;
				GCC_WARN_64_TO_32_BIT_CONVERSION = YES;
				GCC_WARN_ABOUT_RETURN_TYPE = YES_ERROR;
				GCC_WARN_UNDECLARED_SELECTOR = YES;
				GCC_WARN_UNINITIALIZED_AUTOS = YES_AGGRESSIVE;
				GCC_WARN_UNUSED_FUNCTION = YES;
				GCC_WARN_UNUSED_VARIABLE = YES;
				IPHONEOS_DEPLOYMENT_TARGET = 17.0;
				LOCALIZATION_PREFERS_STRING_CATALOGS = YES;
				MTL_ENABLE_DEBUG_INFO = NO;
				MTL_FAST_MATH = YES;
				SDKROOT = iphoneos;
				SWIFT_COMPILATION_MODE = wholemodule;
				VALIDATE_PRODUCT = YES;
			};
			name = Release;
		};
		751558452AD03B2B00C30613 /* Debug */ = {
			isa = XCBuildConfiguration;
			buildSettings = {
				ASSETCATALOG_COMPILER_APPICON_NAME = AppIcon;
				ASSETCATALOG_COMPILER_GLOBAL_ACCENT_COLOR_NAME = AccentColor;
				CODE_SIGN_STYLE = Automatic;
				CURRENT_PROJECT_VERSION = 1;
				DEVELOPMENT_ASSET_PATHS = "\"TennisAnalysis/Preview Content\"";
				DEVELOPMENT_TEAM = 47788BHBHN;
				ENABLE_PREVIEWS = YES;
				GENERATE_INFOPLIST_FILE = YES;
				INFOPLIST_KEY_UIApplicationSceneManifest_Generation = YES;
				INFOPLIST_KEY_UIApplicationSupportsIndirectInputEvents = YES;
				INFOPLIST_KEY_UILaunchScreen_Generation = YES;
				INFOPLIST_KEY_UISupportedInterfaceOrientations_iPad = "UIInterfaceOrientationPortrait UIInterfaceOrientationPortraitUpsideDown UIInterfaceOrientationLandscapeLeft UIInterfaceOrientationLandscapeRight";
				INFOPLIST_KEY_UISupportedInterfaceOrientations_iPhone = "UIInterfaceOrientationPortrait UIInterfaceOrientationLandscapeLeft UIInterfaceOrientationLandscapeRight";
				LD_RUNPATH_SEARCH_PATHS = (
					"$(inherited)",
					"@executable_path/Frameworks",
				);
				MARKETING_VERSION = 1.0;
				PRODUCT_BUNDLE_IDENTIFIER = Oskar.TennisAnalysis;
				PRODUCT_NAME = "$(TARGET_NAME)";
				SWIFT_EMIT_LOC_STRINGS = YES;
				SWIFT_VERSION = 5.0;
				TARGETED_DEVICE_FAMILY = "1,2";
			};
			name = Debug;
		};
		751558462AD03B2B00C30613 /* Release */ = {
			isa = XCBuildConfiguration;
			buildSettings = {
				ASSETCATALOG_COMPILER_APPICON_NAME = AppIcon;
				ASSETCATALOG_COMPILER_GLOBAL_ACCENT_COLOR_NAME = AccentColor;
				CODE_SIGN_STYLE = Automatic;
				CURRENT_PROJECT_VERSION = 1;
				DEVELOPMENT_ASSET_PATHS = "\"TennisAnalysis/Preview Content\"";
				DEVELOPMENT_TEAM = 47788BHBHN;
				ENABLE_PREVIEWS = YES;
				GENERATE_INFOPLIST_FILE = YES;
				INFOPLIST_KEY_UIApplicationSceneManifest_Generation = YES;
				INFOPLIST_KEY_UIApplicationSupportsIndirectInputEvents = YES;
				INFOPLIST_KEY_UILaunchScreen_Generation = YES;
				INFOPLIST_KEY_UISupportedInterfaceOrientations_iPad = "UIInterfaceOrientationPortrait UIInterfaceOrientationPortraitUpsideDown UIInterfaceOrientationLandscapeLeft UIInterfaceOrientationLandscapeRight";
				INFOPLIST_KEY_UISupportedInterfaceOrientations_iPhone = "UIInterfaceOrientationPortrait UIInterfaceOrientationLandscapeLeft UIInterfaceOrientationLandscapeRight";
				LD_RUNPATH_SEARCH_PATHS = (
					"$(inherited)",
					"@executable_path/Frameworks",
				);
				MARKETING_VERSION = 1.0;
				PRODUCT_BUNDLE_IDENTIFIER = Oskar.TennisAnalysis;
				PRODUCT_NAME = "$(TARGET_NAME)";
				SWIFT_EMIT_LOC_STRINGS = YES;
				SWIFT_VERSION = 5.0;
				TARGETED_DEVICE_FAMILY = "1,2";
			};
			name = Release;
		};
		751558482AD03B2B00C30613 /* Debug */ = {
			isa = XCBuildConfiguration;
			buildSettings = {
				ALWAYS_EMBED_SWIFT_STANDARD_LIBRARIES = YES;
				BUNDLE_LOADER = "$(TEST_HOST)";
				CODE_SIGN_STYLE = Automatic;
				CURRENT_PROJECT_VERSION = 1;
				DEVELOPMENT_TEAM = 47788BHBHN;
				GENERATE_INFOPLIST_FILE = YES;
				IPHONEOS_DEPLOYMENT_TARGET = 17.0;
				MARKETING_VERSION = 1.0;
				PRODUCT_BUNDLE_IDENTIFIER = Oskar.TennisAnalysisTests;
				PRODUCT_NAME = "$(TARGET_NAME)";
				SWIFT_EMIT_LOC_STRINGS = NO;
				SWIFT_VERSION = 5.0;
				TARGETED_DEVICE_FAMILY = "1,2";
				TEST_HOST = "$(BUILT_PRODUCTS_DIR)/TennisAnalysis.app/$(BUNDLE_EXECUTABLE_FOLDER_PATH)/TennisAnalysis";
			};
			name = Debug;
		};
		751558492AD03B2B00C30613 /* Release */ = {
			isa = XCBuildConfiguration;
			buildSettings = {
				ALWAYS_EMBED_SWIFT_STANDARD_LIBRARIES = YES;
				BUNDLE_LOADER = "$(TEST_HOST)";
				CODE_SIGN_STYLE = Automatic;
				CURRENT_PROJECT_VERSION = 1;
				DEVELOPMENT_TEAM = 47788BHBHN;
				GENERATE_INFOPLIST_FILE = YES;
				IPHONEOS_DEPLOYMENT_TARGET = 17.0;
				MARKETING_VERSION = 1.0;
				PRODUCT_BUNDLE_IDENTIFIER = Oskar.TennisAnalysisTests;
				PRODUCT_NAME = "$(TARGET_NAME)";
				SWIFT_EMIT_LOC_STRINGS = NO;
				SWIFT_VERSION = 5.0;
				TARGETED_DEVICE_FAMILY = "1,2";
				TEST_HOST = "$(BUILT_PRODUCTS_DIR)/TennisAnalysis.app/$(BUNDLE_EXECUTABLE_FOLDER_PATH)/TennisAnalysis";
			};
			name = Release;
		};
		7515584B2AD03B2B00C30613 /* Debug */ = {
			isa = XCBuildConfiguration;
			buildSettings = {
				ALWAYS_EMBED_SWIFT_STANDARD_LIBRARIES = YES;
				CODE_SIGN_STYLE = Automatic;
				CURRENT_PROJECT_VERSION = 1;
				DEVELOPMENT_TEAM = 47788BHBHN;
				GENERATE_INFOPLIST_FILE = YES;
				MARKETING_VERSION = 1.0;
				PRODUCT_BUNDLE_IDENTIFIER = Oskar.TennisAnalysisUITests;
				PRODUCT_NAME = "$(TARGET_NAME)";
				SWIFT_EMIT_LOC_STRINGS = NO;
				SWIFT_VERSION = 5.0;
				TARGETED_DEVICE_FAMILY = "1,2";
				TEST_TARGET_NAME = TennisAnalysis;
			};
			name = Debug;
		};
		7515584C2AD03B2B00C30613 /* Release */ = {
			isa = XCBuildConfiguration;
			buildSettings = {
				ALWAYS_EMBED_SWIFT_STANDARD_LIBRARIES = YES;
				CODE_SIGN_STYLE = Automatic;
				CURRENT_PROJECT_VERSION = 1;
				DEVELOPMENT_TEAM = 47788BHBHN;
				GENERATE_INFOPLIST_FILE = YES;
				MARKETING_VERSION = 1.0;
				PRODUCT_BUNDLE_IDENTIFIER = Oskar.TennisAnalysisUITests;
				PRODUCT_NAME = "$(TARGET_NAME)";
				SWIFT_EMIT_LOC_STRINGS = NO;
				SWIFT_VERSION = 5.0;
				TARGETED_DEVICE_FAMILY = "1,2";
				TEST_TARGET_NAME = TennisAnalysis;
			};
			name = Release;
		};
/* End XCBuildConfiguration section */

/* Begin XCConfigurationList section */
		7515581B2AD03B2A00C30613 /* Build configuration list for PBXProject "TennisAnalysis" */ = {
			isa = XCConfigurationList;
			buildConfigurations = (
				751558422AD03B2B00C30613 /* Debug */,
				751558432AD03B2B00C30613 /* Release */,
			);
			defaultConfigurationIsVisible = 0;
			defaultConfigurationName = Release;
		};
		751558442AD03B2B00C30613 /* Build configuration list for PBXNativeTarget "TennisAnalysis" */ = {
			isa = XCConfigurationList;
			buildConfigurations = (
				751558452AD03B2B00C30613 /* Debug */,
				751558462AD03B2B00C30613 /* Release */,
			);
			defaultConfigurationIsVisible = 0;
			defaultConfigurationName = Release;
		};
		751558472AD03B2B00C30613 /* Build configuration list for PBXNativeTarget "TennisAnalysisTests" */ = {
			isa = XCConfigurationList;
			buildConfigurations = (
				751558482AD03B2B00C30613 /* Debug */,
				751558492AD03B2B00C30613 /* Release */,
			);
			defaultConfigurationIsVisible = 0;
			defaultConfigurationName = Release;
		};
		7515584A2AD03B2B00C30613 /* Build configuration list for PBXNativeTarget "TennisAnalysisUITests" */ = {
			isa = XCConfigurationList;
			buildConfigurations = (
				7515584B2AD03B2B00C30613 /* Debug */,
				7515584C2AD03B2B00C30613 /* Release */,
			);
			defaultConfigurationIsVisible = 0;
			defaultConfigurationName = Release;
		};
/* End XCConfigurationList section */
	};
	rootObject = 751558182AD03B2A00C30613 /* Project object */;
}
